{
  "name": "mcsapp",
  "version": "1.0.0",
  "lockfileVersion": 1,
  "requires": true,
  "dependencies": {
    "@dcloudio/uni-helper-json": {
      "version": "1.0.13",
      "resolved": "https://registry.npm.taobao.org/@dcloudio/uni-helper-json/download/@dcloudio/uni-helper-json-1.0.13.tgz?cache=0&sync_timestamp=1611894111620&other_urls=https%3A%2F%2Fregistry.npm.taobao.org%2F%40dcloudio%2Funi-helper-json%2Fdownload%2F%40dcloudio%2Funi-helper-json-1.0.13.tgz",
      "integrity": "sha1-ToqgYtqu+zDZiXPANaewq2KDKcc="
    },
    "uview-ui": {
      "version": "1.8.4",
      "resolved": "https://registry.npmjs.org/uview-ui/-/uview-ui-1.8.4.tgz",
      "integrity": "sha512-Zr+D5dFdNy6CdHQLBEXeGq/w0LkjxzBtsgaaDwLl0P58g67H7fBBDvy6AzWK/k0c7dwPYMBiK7I4Tr9p92+0DA=="
    }
  }
}
